{
  "name": "GoChefApp",
  "version": "0.0.1",
  "lockfileVersion": 1,
  "requires": true,
  "dependencies": {
    "react-native-share-extension": {
      "version": "1.2.1",
      "resolved": "https://registry.npmjs.org/react-native-share-extension/-/react-native-share-extension-1.2.1.tgz",
      "integrity": "sha512-C+WaUFhM4iMtH38N7/44lX4uW/B+XSbeJnSBZMMgKsZQIJKzJSYQklKVZdxf2/V5YOjjPaXohFwabTYclpJhtA=="
    }
  }
}
